hash: 80913e61247fe8ca5d048defa813f9553f81a0f73a2e2686c2ca38656dd5cbc7
updated: 2016-12-12T20:48:16.391010181+04:00
imports:
- name: github.com/mattn/goveralls
  version: 9d621f6940639bf287ecbb6f585a2c26eeba3bbe
- name: github.com/modocache/gover
  version: aa22dbc29cc3a3dd1b68362e8ab36c0472636bf6
- name: github.com/smartystreets/goconvey
  version: 3c2572876754c4669ae7417b219f0b30a29b32c7
  subpackages:
  - convey
  - convey/gotest
  - convey/reporting
- name: golang.org/x/tools
  version: c2ef61f450233d3c629ade8eb2083e43fa75c97a
  subpackages:
  - cmd/cover
testImports:
- name: github.com/gopherjs/gopherjs
  version: 50101461d59f26b13c876f57aab314ce55387671
  subpackages:
  - js
- name: github.com/jtolds/gls
  version: 8ddce2a84170772b95dd5d576c48d517b22cac63
- name: github.com/smartystreets/assertions
  version: 2063fd1cc7c975db70502811a34b06ad034ccdf2
  subpackages:
  - internal/go-render/render
  - internal/oglematchers
